
Microsoft Visual Studio Solution File, Format Version 12.00
# Visual Studio Version 17
VisualStudioVersion = 17.0.31903.59
MinimumVisualStudioVersion = 10.0.40219.1
Project("{2150E333-8FDC-42A3-9474-1A3956D46DE8}") = "src", "src", "{63F9D6E1-5439-4FCD-A085-60B9487058A4}"
EndProject
Project("{2150E333-8FDC-42A3-9474-1A3956D46DE8}") = "Core", "Core", "{51625C40-5222-4B60-A159-260917F1C674}"
EndProject
Project("{FAE04EC0-301F-11D3-BF4B-00C04F79EFBC}") = "MyMascada.Domain", "src\Core\MyMascada.Domain\MyMascada.Domain.csproj", "{1DD85A47-B6E0-47CE-B6BF-5C04AC6D7579}"
EndProject
Project("{FAE04EC0-301F-11D3-BF4B-00C04F79EFBC}") = "MyMascada.Application", "src\Core\MyMascada.Application\MyMascada.Application.csproj", "{7AF895D8-EE5C-4C19-B35C-4F96F10850F2}"
EndProject
Project("{2150E333-8FDC-42A3-9474-1A3956D46DE8}") = "Infrastructure", "Infrastructure", "{D4DF493C-5294-400F-9AFB-E5982AAC90A8}"
EndProject
Project("{FAE04EC0-301F-11D3-BF4B-00C04F79EFBC}") = "MyMascada.Infrastructure", "src\Infrastructure\MyMascada.Infrastructure\MyMascada.Infrastructure.csproj", "{B1C18C90-54DD-408D-B558-B926F142AF33}"
EndProject
Project("{2150E333-8FDC-42A3-9474-1A3956D46DE8}") = "WebAPI", "WebAPI", "{34096F4F-D36E-4C34-B997-3870CA3A4F01}"
EndProject
Project("{FAE04EC0-301F-11D3-BF4B-00C04F79EFBC}") = "MyMascada.WebAPI", "src\WebAPI\MyMascada.WebAPI\MyMascada.WebAPI.csproj", "{FAAD7BCA-2E52-49BA-AC8E-0A37C07CF797}"
EndProject
Project("{2150E333-8FDC-42A3-9474-1A3956D46DE8}") = "tests", "tests", "{0AB3BF05-4346-4AA6-1389-037BE0695223}"
EndProject
Project("{FAE04EC0-301F-11D3-BF4B-00C04F79EFBC}") = "MyMascada.Tests.Unit", "tests\MyMascada.Tests.Unit\MyMascada.Tests.Unit.csproj", "{53A09084-379D-40A5-AE42-0DD3A27177CE}"
EndProject
Global
	GlobalSection(SolutionConfigurationPlatforms) = preSolution
		Debug|Any CPU = Debug|Any CPU
		Debug|x64 = Debug|x64
		Debug|x86 = Debug|x86
		Release|Any CPU = Release|Any CPU
		Release|x64 = Release|x64
		Release|x86 = Release|x86
	EndGlobalSection
	GlobalSection(ProjectConfigurationPlatforms) = postSolution
		{1DD85A47-B6E0-47CE-B6BF-5C04AC6D7579}.Debug|Any CPU.ActiveCfg = Debug|Any CPU
		{1DD85A47-B6E0-47CE-B6BF-5C04AC6D7579}.Debug|Any CPU.Build.0 = Debug|Any CPU
		{1DD85A47-B6E0-47CE-B6BF-5C04AC6D7579}.Debug|x64.ActiveCfg = Debug|Any CPU
		{1DD85A47-B6E0-47CE-B6BF-5C04AC6D7579}.Debug|x64.Build.0 = Debug|Any CPU
		{1DD85A47-B6E0-47CE-B6BF-5C04AC6D7579}.Debug|x86.ActiveCfg = Debug|Any CPU
		{1DD85A47-B6E0-47CE-B6BF-5C04AC6D7579}.Debug|x86.Build.0 = Debug|Any CPU
		{1DD85A47-B6E0-47CE-B6BF-5C04AC6D7579}.Release|Any CPU.ActiveCfg = Release|Any CPU
		{1DD85A47-B6E0-47CE-B6BF-5C04AC6D7579}.Release|Any CPU.Build.0 = Release|Any CPU
		{1DD85A47-B6E0-47CE-B6BF-5C04AC6D7579}.Release|x64.ActiveCfg = Release|Any CPU
		{1DD85A47-B6E0-47CE-B6BF-5C04AC6D7579}.Release|x64.Build.0 = Release|Any CPU
		{1DD85A47-B6E0-47CE-B6BF-5C04AC6D7579}.Release|x86.ActiveCfg = Release|Any CPU
		{1DD85A47-B6E0-47CE-B6BF-5C04AC6D7579}.Release|x86.Build.0 = Release|Any CPU
		{7AF895D8-EE5C-4C19-B35C-4F96F10850F2}.Debug|Any CPU.ActiveCfg = Debug|Any CPU
		{7AF895D8-EE5C-4C19-B35C-4F96F10850F2}.Debug|Any CPU.Build.0 = Debug|Any CPU
		{7AF895D8-EE5C-4C19-B35C-4F96F10850F2}.Debug|x64.ActiveCfg = Debug|Any CPU
		{7AF895D8-EE5C-4C19-B35C-4F96F10850F2}.Debug|x64.Build.0 = Debug|Any CPU
		{7AF895D8-EE5C-4C19-B35C-4F96F10850F2}.Debug|x86.ActiveCfg = Debug|Any CPU
		{7AF895D8-EE5C-4C19-B35C-4F96F10850F2}.Debug|x86.Build.0 = Debug|Any CPU
		{7AF895D8-EE5C-4C19-B35C-4F96F10850F2}.Release|Any CPU.ActiveCfg = Release|Any CPU
		{7AF895D8-EE5C-4C19-B35C-4F96F10850F2}.Release|Any CPU.Build.0 = Release|Any CPU
		{7AF895D8-EE5C-4C19-B35C-4F96F10850F2}.Release|x64.ActiveCfg = Release|Any CPU
		{7AF895D8-EE5C-4C19-B35C-4F96F10850F2}.Release|x64.Build.0 = Release|Any CPU
		{7AF895D8-EE5C-4C19-B35C-4F96F10850F2}.Release|x86.ActiveCfg = Release|Any CPU
		{7AF895D8-EE5C-4C19-B35C-4F96F10850F2}.Release|x86.Build.0 = Release|Any CPU
		{B1C18C90-54DD-408D-B558-B926F142AF33}.Debug|Any CPU.ActiveCfg = Debug|Any CPU
		{B1C18C90-54DD-408D-B558-B926F142AF33}.Debug|Any CPU.Build.0 = Debug|Any CPU
		{B1C18C90-54DD-408D-B558-B926F142AF33}.Debug|x64.ActiveCfg = Debug|Any CPU
		{B1C18C90-54DD-408D-B558-B926F142AF33}.Debug|x64.Build.0 = Debug|Any CPU
		{B1C18C90-54DD-408D-B558-B926F142AF33}.Debug|x86.ActiveCfg = Debug|Any CPU
		{B1C18C90-54DD-408D-B558-B926F142AF33}.Debug|x86.Build.0 = Debug|Any CPU
		{B1C18C90-54DD-408D-B558-B926F142AF33}.Release|Any CPU.ActiveCfg = Release|Any CPU
		{B1C18C90-54DD-408D-B558-B926F142AF33}.Release|Any CPU.Build.0 = Release|Any CPU
		{B1C18C90-54DD-408D-B558-B926F142AF33}.Release|x64.ActiveCfg = Release|Any CPU
		{B1C18C90-54DD-408D-B558-B926F142AF33}.Release|x64.Build.0 = Release|Any CPU
		{B1C18C90-54DD-408D-B558-B926F142AF33}.Release|x86.ActiveCfg = Release|Any CPU
		{B1C18C90-54DD-408D-B558-B926F142AF33}.Release|x86.Build.0 = Release|Any CPU
		{FAAD7BCA-2E52-49BA-AC8E-0A37C07CF797}.Debug|Any CPU.ActiveCfg = Debug|Any CPU
		{FAAD7BCA-2E52-49BA-AC8E-0A37C07CF797}.Debug|Any CPU.Build.0 = Debug|Any CPU
		{FAAD7BCA-2E52-49BA-AC8E-0A37C07CF797}.Debug|x64.ActiveCfg = Debug|Any CPU
		{FAAD7BCA-2E52-49BA-AC8E-0A37C07CF797}.Debug|x64.Build.0 = Debug|Any CPU
		{FAAD7BCA-2E52-49BA-AC8E-0A37C07CF797}.Debug|x86.ActiveCfg = Debug|Any CPU
		{FAAD7BCA-2E52-49BA-AC8E-0A37C07CF797}.Debug|x86.Build.0 = Debug|Any CPU
		{FAAD7BCA-2E52-49BA-AC8E-0A37C07CF797}.Release|Any CPU.ActiveCfg = Release|Any CPU
		{FAAD7BCA-2E52-49BA-AC8E-0A37C07CF797}.Release|Any CPU.Build.0 = Release|Any CPU
		{FAAD7BCA-2E52-49BA-AC8E-0A37C07CF797}.Release|x64.ActiveCfg = Release|Any CPU
		{FAAD7BCA-2E52-49BA-AC8E-0A37C07CF797}.Release|x64.Build.0 = Release|Any CPU
		{FAAD7BCA-2E52-49BA-AC8E-0A37C07CF797}.Release|x86.ActiveCfg = Release|Any CPU
		{FAAD7BCA-2E52-49BA-AC8E-0A37C07CF797}.Release|x86.Build.0 = Release|Any CPU
		{53A09084-379D-40A5-AE42-0DD3A27177CE}.Debug|Any CPU.ActiveCfg = Debug|Any CPU
		{53A09084-379D-40A5-AE42-0DD3A27177CE}.Debug|Any CPU.Build.0 = Debug|Any CPU
		{53A09084-379D-40A5-AE42-0DD3A27177CE}.Debug|x64.ActiveCfg = Debug|Any CPU
		{53A09084-379D-40A5-AE42-0DD3A27177CE}.Debug|x64.Build.0 = Debug|Any CPU
		{53A09084-379D-40A5-AE42-0DD3A27177CE}.Debug|x86.ActiveCfg = Debug|Any CPU
		{53A09084-379D-40A5-AE42-0DD3A27177CE}.Debug|x86.Build.0 = Debug|Any CPU
		{53A09084-379D-40A5-AE42-0DD3A27177CE}.Release|Any CPU.ActiveCfg = Release|Any CPU
		{53A09084-379D-40A5-AE42-0DD3A27177CE}.Release|Any CPU.Build.0 = Release|Any CPU
		{53A09084-379D-40A5-AE42-0DD3A27177CE}.Release|x64.ActiveCfg = Release|Any CPU
		{53A09084-379D-40A5-AE42-0DD3A27177CE}.Release|x64.Build.0 = Release|Any CPU
		{53A09084-379D-40A5-AE42-0DD3A27177CE}.Release|x86.ActiveCfg = Release|Any CPU
		{53A09084-379D-40A5-AE42-0DD3A27177CE}.Release|x86.Build.0 = Release|Any CPU
	EndGlobalSection
	GlobalSection(SolutionProperties) = preSolution
		HideSolutionNode = FALSE
	EndGlobalSection
	GlobalSection(NestedProjects) = preSolution
		{51625C40-5222-4B60-A159-260917F1C674} = {63F9D6E1-5439-4FCD-A085-60B9487058A4}
		{1DD85A47-B6E0-47CE-B6BF-5C04AC6D7579} = {51625C40-5222-4B60-A159-260917F1C674}
		{7AF895D8-EE5C-4C19-B35C-4F96F10850F2} = {51625C40-5222-4B60-A159-260917F1C674}
		{D4DF493C-5294-400F-9AFB-E5982AAC90A8} = {63F9D6E1-5439-4FCD-A085-60B9487058A4}
		{B1C18C90-54DD-408D-B558-B926F142AF33} = {D4DF493C-5294-400F-9AFB-E5982AAC90A8}
		{34096F4F-D36E-4C34-B997-3870CA3A4F01} = {63F9D6E1-5439-4FCD-A085-60B9487058A4}
		{FAAD7BCA-2E52-49BA-AC8E-0A37C07CF797} = {34096F4F-D36E-4C34-B997-3870CA3A4F01}
		{53A09084-379D-40A5-AE42-0DD3A27177CE} = {0AB3BF05-4346-4AA6-1389-037BE0695223}
	EndGlobalSection
EndGlobal
